
Microsoft Visual Studio Solution File, Format Version 12.00
# Visual Studio Version 16
VisualStudioVersion = 16.0.30114.105
MinimumVisualStudioVersion = 10.0.40219.1
Project("{FAE04EC0-301F-11D3-BF4B-00C04F79EFBC}") = "GlobalizationExample", "GlobalizationExample\GlobalizationExample.csproj", "{4D23394C-0771-49DA-9041-16494BD6F329}"
EndProject
Global
	GlobalSection(SolutionConfigurationPlatforms) = preSolution
		Debug|Any CPU = Debug|Any CPU
		Release|Any CPU = Release|Any CPU
	EndGlobalSection
	GlobalSection(ProjectConfigurationPlatforms) = postSolution
		{43261A2B-8D05-4555-BA16-F415882A03BF}.Debug|Any CPU.ActiveCfg = Debug|Any CPU
		{43261A2B-8D05-4555-BA16-F415882A03BF}.Debug|Any CPU.Build.0 = Debug|Any CPU
		{43261A2B-8D05-4555-BA16-F415882A03BF}.Release|Any CPU.ActiveCfg = Release|Any CPU
		{43261A2B-8D05-4555-BA16-F415882A03BF}.Release|Any CPU.Build.0 = Release|Any CPU
		{4D23394C-0771-49DA-9041-16494BD6F329}.Debug|Any CPU.ActiveCfg = Debug|Any CPU
		{4D23394C-0771-49DA-9041-16494BD6F329}.Debug|Any CPU.Build.0 = Debug|Any CPU
		{4D23394C-0771-49DA-9041-16494BD6F329}.Release|Any CPU.ActiveCfg = Release|Any CPU
		{4D23394C-0771-49DA-9041-16494BD6F329}.Release|Any CPU.Build.0 = Release|Any CPU
	EndGlobalSection
	GlobalSection(SolutionProperties) = preSolution
		HideSolutionNode = FALSE
	EndGlobalSection
	GlobalSection(ExtensibilityGlobals) = postSolution
		SolutionGuid = {095E165B-467B-460D-BF28-31534A3C832D}
	EndGlobalSection
EndGlobal
